// !$*UTF8*$!
{
	archiveVersion = 1;
	classes = {
	};
	objectVersion = 51;
	objects = {

/* Begin PBXBuildFile section */
		37093A70253CE51E00E87BA4 /* UserSettingsService.swift in Sources */ = {isa = PBXBuildFile; fileRef = 37093A6F253CE51E00E87BA4 /* UserSettingsService.swift */; };
		37093A72253CE9B200E87BA4 /* SignInResponse.swift in Sources */ = {isa = PBXBuildFile; fileRef = 37093A71253CE9B200E87BA4 /* SignInResponse.swift */; };
		3711806E254A2D18000DFFFA /* Plist.swift in Sources */ = {isa = PBXBuildFile; fileRef = 3711806B254A2D18000DFFFA /* Plist.swift */; };
		3711806F254A2D18000DFFFA /* Strings.swift in Sources */ = {isa = PBXBuildFile; fileRef = 3711806C254A2D18000DFFFA /* Strings.swift */; };
		37118071254A2D60000DFFFA /* Images.xcassets in Resources */ = {isa = PBXBuildFile; fileRef = 37118070254A2D60000DFFFA /* Images.xcassets */; };
		37118073254A2EF3000DFFFA /* Colors.xcassets in Resources */ = {isa = PBXBuildFile; fileRef = 37118072254A2EF3000DFFFA /* Colors.xcassets */; };
		37118077254A2FD2000DFFFA /* Assets.swift in Sources */ = {isa = PBXBuildFile; fileRef = 37118076254A2FD2000DFFFA /* Assets.swift */; };
		375B0D582531BCD000C90879 /* CloudKit.framework in Frameworks */ = {isa = PBXBuildFile; fileRef = 375B0D572531BCD000C90879 /* CloudKit.framework */; };
		37A9037D2533AF4D006251EE /* Reactive+TableViewRxReachedBottom.swift in Sources */ = {isa = PBXBuildFile; fileRef = 37A9037C2533AF4D006251EE /* Reactive+TableViewRxReachedBottom.swift */; };
		37A9037F25362647006251EE /* PaginationNetworkLogic.swift in Sources */ = {isa = PBXBuildFile; fileRef = 37A9037E25362647006251EE /* PaginationNetworkLogic.swift */; };
		37A9038F2538F85C006251EE /* FileAction.swift in Sources */ = {isa = PBXBuildFile; fileRef = 37A9038E2538F85C006251EE /* FileAction.swift */; };
		37F70AE125439AA2001E9D07 /* InvoicesResponse.swift in Sources */ = {isa = PBXBuildFile; fileRef = 37F70AE025439AA2001E9D07 /* InvoicesResponse.swift */; };
		37F70AE625444ADC001E9D07 /* WageCoordinator.swift in Sources */ = {isa = PBXBuildFile; fileRef = 37F70AE525444ADC001E9D07 /* WageCoordinator.swift */; };
		37F70AE825444BB9001E9D07 /* WageViewController.swift in Sources */ = {isa = PBXBuildFile; fileRef = 37F70AE725444BB9001E9D07 /* WageViewController.swift */; };
		37F70AEA25444D1D001E9D07 /* WorkerTabBarController.swift in Sources */ = {isa = PBXBuildFile; fileRef = 37F70AE925444D1D001E9D07 /* WorkerTabBarController.swift */; };
		37F70AEC254451D0001E9D07 /* TabBarControllerFactory.swift in Sources */ = {isa = PBXBuildFile; fileRef = 37F70AEB254451D0001E9D07 /* TabBarControllerFactory.swift */; };
		37F70AFC254460D1001E9D07 /* HttpErrorResponse.swift in Sources */ = {isa = PBXBuildFile; fileRef = 37F70AFB254460D1001E9D07 /* HttpErrorResponse.swift */; };
		37F70B012545B277001E9D07 /* UIResponder+ErrorHandler.swift in Sources */ = {isa = PBXBuildFile; fileRef = 37F70B002545B277001E9D07 /* UIResponder+ErrorHandler.swift */; };
		37F70B032545B349001E9D07 /* UIViewController+ErrorHandler.swift in Sources */ = {isa = PBXBuildFile; fileRef = 37F70B022545B349001E9D07 /* UIViewController+ErrorHandler.swift */; };
		37F70B052545B3CF001E9D07 /* AppDelegate+ErrorHandler.swift in Sources */ = {isa = PBXBuildFile; fileRef = 37F70B042545B3CF001E9D07 /* AppDelegate+ErrorHandler.swift */; };
		37F70B072545B40B001E9D07 /* Error+ResolveCategory.swift in Sources */ = {isa = PBXBuildFile; fileRef = 37F70B062545B40A001E9D07 /* Error+ResolveCategory.swift */; };
		37F70B092545B432001E9D07 /* ErrorCategory.swift in Sources */ = {isa = PBXBuildFile; fileRef = 37F70B082545B432001E9D07 /* ErrorCategory.swift */; };
		37F70B0D2545B7C3001E9D07 /* LoadingViewController.swift in Sources */ = {isa = PBXBuildFile; fileRef = 37F70B0C2545B7C3001E9D07 /* LoadingViewController.swift */; };
		37F70B0F2545B7FA001E9D07 /* UIViewController+ChildViewController.swift in Sources */ = {isa = PBXBuildFile; fileRef = 37F70B0E2545B7FA001E9D07 /* UIViewController+ChildViewController.swift */; };
		37F70B1125474DFA001E9D07 /* UIViewController+FrontmostController.swift in Sources */ = {isa = PBXBuildFile; fileRef = 37F70B1025474DF9001E9D07 /* UIViewController+FrontmostController.swift */; };
		37F70B1325474F49001E9D07 /* ErrorViewController.swift in Sources */ = {isa = PBXBuildFile; fileRef = 37F70B1225474F49001E9D07 /* ErrorViewController.swift */; };
		37F70B1F2548A99A001E9D07 /* AuthHttpRouter.swift in Sources */ = {isa = PBXBuildFile; fileRef = 37F70B1E2548A999001E9D07 /* AuthHttpRouter.swift */; };
		37F70B212548AF0B001E9D07 /* AuthService.swift in Sources */ = {isa = PBXBuildFile; fileRef = 37F70B202548AF0B001E9D07 /* AuthService.swift */; };
		37F70B232548AFA2001E9D07 /* AuthHttpService.swift in Sources */ = {isa = PBXBuildFile; fileRef = 37F70B222548AFA2001E9D07 /* AuthHttpService.swift */; };
		37F70BA52549B38E001E9D07 /* Localizable.strings in Resources */ = {isa = PBXBuildFile; fileRef = 37F70BA72549B38E001E9D07 /* Localizable.strings */; };
		37F70BCB254A0F2F001E9D07 /* environment.plist in Resources */ = {isa = PBXBuildFile; fileRef = 37F70BCA254A0F2F001E9D07 /* environment.plist */; };
		C00D050E251BEC6D004D42E8 /* NetworkingError.swift in Sources */ = {isa = PBXBuildFile; fileRef = C00D050D251BEC6D004D42E8 /* NetworkingError.swift */; };
		C01CF704251FE9EF00C8CE06 /* Numeric+CurrencyFormatter.swift in Sources */ = {isa = PBXBuildFile; fileRef = C01CF703251FE9EF00C8CE06 /* Numeric+CurrencyFormatter.swift */; };
		C01CF706251FFC9300C8CE06 /* InvoiceDetailHttpRouter.swift in Sources */ = {isa = PBXBuildFile; fileRef = C01CF705251FFC9300C8CE06 /* InvoiceDetailHttpRouter.swift */; };
		C040DDE4251953F200822300 /* InvoicesCoordinator.swift in Sources */ = {isa = PBXBuildFile; fileRef = C040DDE3251953F200822300 /* InvoicesCoordinator.swift */; };
		C040DDE62519540600822300 /* Coordinator.swift in Sources */ = {isa = PBXBuildFile; fileRef = C040DDE52519540600822300 /* Coordinator.swift */; };
		C0455E5D2479BF8500D96F53 /* AppDelegate.swift in Sources */ = {isa = PBXBuildFile; fileRef = C0455E5C2479BF8500D96F53 /* AppDelegate.swift */; };
		C0455E5F2479BF8500D96F53 /* SceneDelegate.swift in Sources */ = {isa = PBXBuildFile; fileRef = C0455E5E2479BF8500D96F53 /* SceneDelegate.swift */; };
		C0455E612479BF8500D96F53 /* SignInViewController.swift in Sources */ = {isa = PBXBuildFile; fileRef = C0455E602479BF8500D96F53 /* SignInViewController.swift */; };
		C0455E642479BF8500D96F53 /* Main.storyboard in Resources */ = {isa = PBXBuildFile; fileRef = C0455E622479BF8500D96F53 /* Main.storyboard */; };
		C0455E692479BF8900D96F53 /* LaunchScreen.storyboard in Resources */ = {isa = PBXBuildFile; fileRef = C0455E672479BF8900D96F53 /* LaunchScreen.storyboard */; };
		C054EAFE2479DFA800C11F16 /* InvoicesViewController.swift in Sources */ = {isa = PBXBuildFile; fileRef = C054EAFD2479DFA800C11F16 /* InvoicesViewController.swift */; };
		C0553582251955D100B04A18 /* BaseCoordinator.swift in Sources */ = {isa = PBXBuildFile; fileRef = C0553581251955D100B04A18 /* BaseCoordinator.swift */; };
		C05535852519567200B04A18 /* Storyboardable.swift in Sources */ = {isa = PBXBuildFile; fileRef = C05535842519567200B04A18 /* Storyboardable.swift */; };
		C0574569251A9B6100051D12 /* HttpRouter.swift in Sources */ = {isa = PBXBuildFile; fileRef = C0574568251A9B6100051D12 /* HttpRouter.swift */; };
		C057456B251A9C1A00051D12 /* HttpService.swift in Sources */ = {isa = PBXBuildFile; fileRef = C057456A251A9C1A00051D12 /* HttpService.swift */; };
		C057456D251A9CDA00051D12 /* InvoiceHttpService.swift in Sources */ = {isa = PBXBuildFile; fileRef = C057456C251A9CDA00051D12 /* InvoiceHttpService.swift */; };
		C057456F251A9D6600051D12 /* InvoicesHttpRouter.swift in Sources */ = {isa = PBXBuildFile; fileRef = C057456E251A9D6600051D12 /* InvoicesHttpRouter.swift */; };
		C0574571251AA0CF00051D12 /* InvoicesService.swift in Sources */ = {isa = PBXBuildFile; fileRef = C0574570251AA0CF00051D12 /* InvoicesService.swift */; };
		C0574573251AA0EC00051D12 /* InvoicesAPI.swift in Sources */ = {isa = PBXBuildFile; fileRef = C0574572251AA0EC00051D12 /* InvoicesAPI.swift */; };
		C058335F248051E7004CA055 /* HalfCircleView.swift in Sources */ = {isa = PBXBuildFile; fileRef = C058335E248051E7004CA055 /* HalfCircleView.swift */; };
		C05833622481477C004CA055 /* BaseNavigationController.swift in Sources */ = {isa = PBXBuildFile; fileRef = C05833612481477C004CA055 /* BaseNavigationController.swift */; };
		C05B59F624E333BF003009AC /* Pods_Milacci.framework in Frameworks */ = {isa = PBXBuildFile; fileRef = C05B59F224E33397003009AC /* Pods_Milacci.framework */; };
		C05B59F724E333BF003009AC /* Pods_Milacci.framework in Embed Frameworks */ = {isa = PBXBuildFile; fileRef = C05B59F224E33397003009AC /* Pods_Milacci.framework */; settings = {ATTRIBUTES = (CodeSignOnCopy, RemoveHeadersOnCopy, ); }; };
		C079A551251D36FA00331E17 /* InvoiceDetailViewModel.swift in Sources */ = {isa = PBXBuildFile; fileRef = C079A550251D36FA00331E17 /* InvoiceDetailViewModel.swift */; };
		C079A553251D4E4A00331E17 /* InvoiceDetailCoordinator.swift in Sources */ = {isa = PBXBuildFile; fileRef = C079A552251D4E4A00331E17 /* InvoiceDetailCoordinator.swift */; };
		C0ACCB5E247AAD54002F7263 /* ProfileViewController.swift in Sources */ = {isa = PBXBuildFile; fileRef = C0ACCB5D247AAD54002F7263 /* ProfileViewController.swift */; };
		C0ACCB60247AC283002F7263 /* InvoiceTableViewCell.swift in Sources */ = {isa = PBXBuildFile; fileRef = C0ACCB5F247AC283002F7263 /* InvoiceTableViewCell.swift */; };
		C0AF73A8250948D000B7CA0F /* InvoicesViewModel.swift in Sources */ = {isa = PBXBuildFile; fileRef = C0AF73A7250948D000B7CA0F /* InvoicesViewModel.swift */; };
		C0B9350C247DA59400A457AD /* InvoiceDetailViewController.swift in Sources */ = {isa = PBXBuildFile; fileRef = C0B9350B247DA59400A457AD /* InvoiceDetailViewController.swift */; };
		C0BAE0122509605600472B91 /* InvoiceViewModel.swift in Sources */ = {isa = PBXBuildFile; fileRef = C0BAE0112509605600472B91 /* InvoiceViewModel.swift */; };
		C0E1B251248430FE00F68394 /* BaseTabBarController.swift in Sources */ = {isa = PBXBuildFile; fileRef = C0E1B250248430FE00F68394 /* BaseTabBarController.swift */; };
		C0E342DE251A861700860E44 /* ProfileCoordinator.swift in Sources */ = {isa = PBXBuildFile; fileRef = C0E342DD251A861700860E44 /* ProfileCoordinator.swift */; };
		C0E8E11825195B8900A21F9E /* AppCoordinator.swift in Sources */ = {isa = PBXBuildFile; fileRef = C0E8E11725195B8900A21F9E /* AppCoordinator.swift */; };
		C0E8E11A25195F0E00A21F9E /* SignInCoordinator.swift in Sources */ = {isa = PBXBuildFile; fileRef = C0E8E11925195F0E00A21F9E /* SignInCoordinator.swift */; };
/* End PBXBuildFile section */

/* Begin PBXCopyFilesBuildPhase section */
		C05B59F824E333BF003009AC /* Embed Frameworks */ = {
			isa = PBXCopyFilesBuildPhase;
			buildActionMask = 2147483647;
			dstPath = "";
			dstSubfolderSpec = 10;
			files = (
				C05B59F724E333BF003009AC /* Pods_Milacci.framework in Embed Frameworks */,
			);
			name = "Embed Frameworks";
			runOnlyForDeploymentPostprocessing = 0;
		};
/* End PBXCopyFilesBuildPhase section */

/* Begin PBXFileReference section */
		37093A6F253CE51E00E87BA4 /* UserSettingsService.swift */ = {isa = PBXFileReference; lastKnownFileType = sourcecode.swift; path = UserSettingsService.swift; sourceTree = "<group>"; };
		37093A71253CE9B200E87BA4 /* SignInResponse.swift */ = {isa = PBXFileReference; lastKnownFileType = sourcecode.swift; path = SignInResponse.swift; sourceTree = "<group>"; };
		3711806B254A2D18000DFFFA /* Plist.swift */ = {isa = PBXFileReference; fileEncoding = 4; lastKnownFileType = sourcecode.swift; path = Plist.swift; sourceTree = "<group>"; };
		3711806C254A2D18000DFFFA /* Strings.swift */ = {isa = PBXFileReference; fileEncoding = 4; lastKnownFileType = sourcecode.swift; path = Strings.swift; sourceTree = "<group>"; };
		37118070254A2D60000DFFFA /* Images.xcassets */ = {isa = PBXFileReference; lastKnownFileType = folder.assetcatalog; path = Images.xcassets; sourceTree = "<group>"; };
		37118072254A2EF3000DFFFA /* Colors.xcassets */ = {isa = PBXFileReference; lastKnownFileType = folder.assetcatalog; path = Colors.xcassets; sourceTree = "<group>"; };
		37118076254A2FD2000DFFFA /* Assets.swift */ = {isa = PBXFileReference; fileEncoding = 4; lastKnownFileType = sourcecode.swift; path = Assets.swift; sourceTree = "<group>"; };
		375B0D562531B22B00C90879 /* MilacciDebug.entitlements */ = {isa = PBXFileReference; lastKnownFileType = text.plist.entitlements; path = MilacciDebug.entitlements; sourceTree = "<group>"; };
		375B0D572531BCD000C90879 /* CloudKit.framework */ = {isa = PBXFileReference; lastKnownFileType = wrapper.framework; name = CloudKit.framework; path = System/Library/Frameworks/CloudKit.framework; sourceTree = SDKROOT; };
		37A9037C2533AF4D006251EE /* Reactive+TableViewRxReachedBottom.swift */ = {isa = PBXFileReference; lastKnownFileType = sourcecode.swift; path = "Reactive+TableViewRxReachedBottom.swift"; sourceTree = "<group>"; };
		37A9037E25362647006251EE /* PaginationNetworkLogic.swift */ = {isa = PBXFileReference; lastKnownFileType = sourcecode.swift; path = PaginationNetworkLogic.swift; sourceTree = "<group>"; };
		37A9038E2538F85C006251EE /* FileAction.swift */ = {isa = PBXFileReference; lastKnownFileType = sourcecode.swift; path = FileAction.swift; sourceTree = "<group>"; };
		37CA024F25250F8100948444 /* Milacci.entitlements */ = {isa = PBXFileReference; lastKnownFileType = text.plist.entitlements; path = Milacci.entitlements; sourceTree = "<group>"; };
		37F70AE025439AA2001E9D07 /* InvoicesResponse.swift */ = {isa = PBXFileReference; lastKnownFileType = sourcecode.swift; path = InvoicesResponse.swift; sourceTree = "<group>"; };
		37F70AE525444ADC001E9D07 /* WageCoordinator.swift */ = {isa = PBXFileReference; lastKnownFileType = sourcecode.swift; path = WageCoordinator.swift; sourceTree = "<group>"; };
		37F70AE725444BB9001E9D07 /* WageViewController.swift */ = {isa = PBXFileReference; lastKnownFileType = sourcecode.swift; path = WageViewController.swift; sourceTree = "<group>"; };
		37F70AE925444D1D001E9D07 /* WorkerTabBarController.swift */ = {isa = PBXFileReference; lastKnownFileType = sourcecode.swift; path = WorkerTabBarController.swift; sourceTree = "<group>"; };
		37F70AEB254451D0001E9D07 /* TabBarControllerFactory.swift */ = {isa = PBXFileReference; lastKnownFileType = sourcecode.swift; path = TabBarControllerFactory.swift; sourceTree = "<group>"; };
		37F70AFB254460D1001E9D07 /* HttpErrorResponse.swift */ = {isa = PBXFileReference; lastKnownFileType = sourcecode.swift; path = HttpErrorResponse.swift; sourceTree = "<group>"; };
		37F70B002545B277001E9D07 /* UIResponder+ErrorHandler.swift */ = {isa = PBXFileReference; lastKnownFileType = sourcecode.swift; path = "UIResponder+ErrorHandler.swift"; sourceTree = "<group>"; };
		37F70B022545B349001E9D07 /* UIViewController+ErrorHandler.swift */ = {isa = PBXFileReference; lastKnownFileType = sourcecode.swift; path = "UIViewController+ErrorHandler.swift"; sourceTree = "<group>"; };
		37F70B042545B3CF001E9D07 /* AppDelegate+ErrorHandler.swift */ = {isa = PBXFileReference; lastKnownFileType = sourcecode.swift; path = "AppDelegate+ErrorHandler.swift"; sourceTree = "<group>"; };
		37F70B062545B40A001E9D07 /* Error+ResolveCategory.swift */ = {isa = PBXFileReference; lastKnownFileType = sourcecode.swift; path = "Error+ResolveCategory.swift"; sourceTree = "<group>"; };
		37F70B082545B432001E9D07 /* ErrorCategory.swift */ = {isa = PBXFileReference; lastKnownFileType = sourcecode.swift; path = ErrorCategory.swift; sourceTree = "<group>"; };
		37F70B0C2545B7C3001E9D07 /* LoadingViewController.swift */ = {isa = PBXFileReference; lastKnownFileType = sourcecode.swift; path = LoadingViewController.swift; sourceTree = "<group>"; };
		37F70B0E2545B7FA001E9D07 /* UIViewController+ChildViewController.swift */ = {isa = PBXFileReference; lastKnownFileType = sourcecode.swift; path = "UIViewController+ChildViewController.swift"; sourceTree = "<group>"; };
		37F70B1025474DF9001E9D07 /* UIViewController+FrontmostController.swift */ = {isa = PBXFileReference; lastKnownFileType = sourcecode.swift; path = "UIViewController+FrontmostController.swift"; sourceTree = "<group>"; };
		37F70B1225474F49001E9D07 /* ErrorViewController.swift */ = {isa = PBXFileReference; lastKnownFileType = sourcecode.swift; path = ErrorViewController.swift; sourceTree = "<group>"; };
		37F70B1E2548A999001E9D07 /* AuthHttpRouter.swift */ = {isa = PBXFileReference; lastKnownFileType = sourcecode.swift; path = AuthHttpRouter.swift; sourceTree = "<group>"; };
		37F70B202548AF0B001E9D07 /* AuthService.swift */ = {isa = PBXFileReference; lastKnownFileType = sourcecode.swift; path = AuthService.swift; sourceTree = "<group>"; };
		37F70B222548AFA2001E9D07 /* AuthHttpService.swift */ = {isa = PBXFileReference; lastKnownFileType = sourcecode.swift; path = AuthHttpService.swift; sourceTree = "<group>"; };
		37F70B8E254992C0001E9D07 /* Base */ = {isa = PBXFileReference; lastKnownFileType = file.storyboard; name = Base; path = Base.lproj/Main.storyboard; sourceTree = "<group>"; };
		37F70B8F254992C1001E9D07 /* Base */ = {isa = PBXFileReference; lastKnownFileType = file.storyboard; name = Base; path = Base.lproj/LaunchScreen.storyboard; sourceTree = "<group>"; };
		37F70B90254994C2001E9D07 /* cs */ = {isa = PBXFileReference; lastKnownFileType = text.plist.strings; name = cs; path = cs.lproj/Main.strings; sourceTree = "<group>"; };
		37F70B91254994C3001E9D07 /* cs */ = {isa = PBXFileReference; lastKnownFileType = text.plist.strings; name = cs; path = cs.lproj/LaunchScreen.strings; sourceTree = "<group>"; };
		37F70BA62549B38E001E9D07 /* cs */ = {isa = PBXFileReference; lastKnownFileType = text.plist.strings; name = cs; path = cs.lproj/Localizable.strings; sourceTree = "<group>"; };
		37F70BA82549B398001E9D07 /* en */ = {isa = PBXFileReference; lastKnownFileType = text.plist.strings; name = en; path = en.lproj/Localizable.strings; sourceTree = "<group>"; };
		37F70BCA254A0F2F001E9D07 /* environment.plist */ = {isa = PBXFileReference; lastKnownFileType = text.plist.xml; path = environment.plist; sourceTree = "<group>"; };
		92ABC71A3510F6D0BFB2913A /* Pods_Milacci.framework */ = {isa = PBXFileReference; explicitFileType = wrapper.framework; includeInIndex = 0; path = Pods_Milacci.framework; sourceTree = BUILT_PRODUCTS_DIR; };
		BF0C5AEAF214F5D05E4F750C /* Pods-Milacci.release.xcconfig */ = {isa = PBXFileReference; includeInIndex = 1; lastKnownFileType = text.xcconfig; name = "Pods-Milacci.release.xcconfig"; path = "Target Support Files/Pods-Milacci/Pods-Milacci.release.xcconfig"; sourceTree = "<group>"; };
		C00D050D251BEC6D004D42E8 /* NetworkingError.swift */ = {isa = PBXFileReference; lastKnownFileType = sourcecode.swift; path = NetworkingError.swift; sourceTree = "<group>"; };
		C01CF703251FE9EF00C8CE06 /* Numeric+CurrencyFormatter.swift */ = {isa = PBXFileReference; lastKnownFileType = sourcecode.swift; path = "Numeric+CurrencyFormatter.swift"; sourceTree = "<group>"; };
		C01CF705251FFC9300C8CE06 /* InvoiceDetailHttpRouter.swift */ = {isa = PBXFileReference; lastKnownFileType = sourcecode.swift; path = InvoiceDetailHttpRouter.swift; sourceTree = "<group>"; };
		C040DDE3251953F200822300 /* InvoicesCoordinator.swift */ = {isa = PBXFileReference; lastKnownFileType = sourcecode.swift; path = InvoicesCoordinator.swift; sourceTree = "<group>"; };
		C040DDE52519540600822300 /* Coordinator.swift */ = {isa = PBXFileReference; lastKnownFileType = sourcecode.swift; path = Coordinator.swift; sourceTree = "<group>"; };
		C0455E592479BF8500D96F53 /* Milacci.app */ = {isa = PBXFileReference; explicitFileType = wrapper.application; includeInIndex = 0; path = Milacci.app; sourceTree = BUILT_PRODUCTS_DIR; };
		C0455E5C2479BF8500D96F53 /* AppDelegate.swift */ = {isa = PBXFileReference; lastKnownFileType = sourcecode.swift; path = AppDelegate.swift; sourceTree = "<group>"; };
		C0455E5E2479BF8500D96F53 /* SceneDelegate.swift */ = {isa = PBXFileReference; lastKnownFileType = sourcecode.swift; path = SceneDelegate.swift; sourceTree = "<group>"; };
		C0455E602479BF8500D96F53 /* SignInViewController.swift */ = {isa = PBXFileReference; lastKnownFileType = sourcecode.swift; path = SignInViewController.swift; sourceTree = "<group>"; };
		C0455E6A2479BF8900D96F53 /* Info.plist */ = {isa = PBXFileReference; lastKnownFileType = text.plist.xml; path = Info.plist; sourceTree = "<group>"; };
		C054EAFD2479DFA800C11F16 /* InvoicesViewController.swift */ = {isa = PBXFileReference; lastKnownFileType = sourcecode.swift; path = InvoicesViewController.swift; sourceTree = "<group>"; };
		C0553581251955D100B04A18 /* BaseCoordinator.swift */ = {isa = PBXFileReference; lastKnownFileType = sourcecode.swift; path = BaseCoordinator.swift; sourceTree = "<group>"; };
		C05535842519567200B04A18 /* Storyboardable.swift */ = {isa = PBXFileReference; lastKnownFileType = sourcecode.swift; path = Storyboardable.swift; sourceTree = "<group>"; };
		C0574568251A9B6100051D12 /* HttpRouter.swift */ = {isa = PBXFileReference; lastKnownFileType = sourcecode.swift; path = HttpRouter.swift; sourceTree = "<group>"; };
		C057456A251A9C1A00051D12 /* HttpService.swift */ = {isa = PBXFileReference; lastKnownFileType = sourcecode.swift; path = HttpService.swift; sourceTree = "<group>"; };
		C057456C251A9CDA00051D12 /* InvoiceHttpService.swift */ = {isa = PBXFileReference; lastKnownFileType = sourcecode.swift; path = InvoiceHttpService.swift; sourceTree = "<group>"; };
		C057456E251A9D6600051D12 /* InvoicesHttpRouter.swift */ = {isa = PBXFileReference; lastKnownFileType = sourcecode.swift; path = InvoicesHttpRouter.swift; sourceTree = "<group>"; };
		C0574570251AA0CF00051D12 /* InvoicesService.swift */ = {isa = PBXFileReference; lastKnownFileType = sourcecode.swift; path = InvoicesService.swift; sourceTree = "<group>"; };
		C0574572251AA0EC00051D12 /* InvoicesAPI.swift */ = {isa = PBXFileReference; lastKnownFileType = sourcecode.swift; path = InvoicesAPI.swift; sourceTree = "<group>"; };
		C058335E248051E7004CA055 /* HalfCircleView.swift */ = {isa = PBXFileReference; lastKnownFileType = sourcecode.swift; path = HalfCircleView.swift; sourceTree = "<group>"; };
		C05833612481477C004CA055 /* BaseNavigationController.swift */ = {isa = PBXFileReference; lastKnownFileType = sourcecode.swift; path = BaseNavigationController.swift; sourceTree = "<group>"; };
		C05B59F024E33386003009AC /* Pods_Milacci.framework */ = {isa = PBXFileReference; explicitFileType = wrapper.framework; path = Pods_Milacci.framework; sourceTree = BUILT_PRODUCTS_DIR; };
		C05B59F224E33397003009AC /* Pods_Milacci.framework */ = {isa = PBXFileReference; explicitFileType = wrapper.framework; path = Pods_Milacci.framework; sourceTree = BUILT_PRODUCTS_DIR; };
		C070BE6E24DB57AC004F09CE /* Pods_Milacci.framework */ = {isa = PBXFileReference; explicitFileType = wrapper.framework; path = Pods_Milacci.framework; sourceTree = BUILT_PRODUCTS_DIR; };
		C079A550251D36FA00331E17 /* InvoiceDetailViewModel.swift */ = {isa = PBXFileReference; lastKnownFileType = sourcecode.swift; path = InvoiceDetailViewModel.swift; sourceTree = "<group>"; };
		C079A552251D4E4A00331E17 /* InvoiceDetailCoordinator.swift */ = {isa = PBXFileReference; lastKnownFileType = sourcecode.swift; path = InvoiceDetailCoordinator.swift; sourceTree = "<group>"; };
		C0ACCB5D247AAD54002F7263 /* ProfileViewController.swift */ = {isa = PBXFileReference; lastKnownFileType = sourcecode.swift; path = ProfileViewController.swift; sourceTree = "<group>"; };
		C0ACCB5F247AC283002F7263 /* InvoiceTableViewCell.swift */ = {isa = PBXFileReference; lastKnownFileType = sourcecode.swift; path = InvoiceTableViewCell.swift; sourceTree = "<group>"; };
		C0AF73A7250948D000B7CA0F /* InvoicesViewModel.swift */ = {isa = PBXFileReference; lastKnownFileType = sourcecode.swift; path = InvoicesViewModel.swift; sourceTree = "<group>"; };
		C0B51A6C24E33B9F00CB934C /* GoogleSignIn.framework */ = {isa = PBXFileReference; lastKnownFileType = wrapper.framework; name = GoogleSignIn.framework; path = Pods/GoogleSignIn/Frameworks/GoogleSignIn.framework; sourceTree = "<group>"; };
		C0B9350B247DA59400A457AD /* InvoiceDetailViewController.swift */ = {isa = PBXFileReference; lastKnownFileType = sourcecode.swift; path = InvoiceDetailViewController.swift; sourceTree = "<group>"; };
		C0BAE0112509605600472B91 /* InvoiceViewModel.swift */ = {isa = PBXFileReference; lastKnownFileType = sourcecode.swift; path = InvoiceViewModel.swift; sourceTree = "<group>"; };
		C0E1B250248430FE00F68394 /* BaseTabBarController.swift */ = {isa = PBXFileReference; lastKnownFileType = sourcecode.swift; path = BaseTabBarController.swift; sourceTree = "<group>"; };
		C0E342DD251A861700860E44 /* ProfileCoordinator.swift */ = {isa = PBXFileReference; lastKnownFileType = sourcecode.swift; path = ProfileCoordinator.swift; sourceTree = "<group>"; };
		C0E8E11725195B8900A21F9E /* AppCoordinator.swift */ = {isa = PBXFileReference; lastKnownFileType = sourcecode.swift; path = AppCoordinator.swift; sourceTree = "<group>"; };
		C0E8E11925195F0E00A21F9E /* SignInCoordinator.swift */ = {isa = PBXFileReference; lastKnownFileType = sourcecode.swift; path = SignInCoordinator.swift; sourceTree = "<group>"; };
		D01D35A00D62CD44ECB82C60 /* Pods-Milacci.debug.xcconfig */ = {isa = PBXFileReference; includeInIndex = 1; lastKnownFileType = text.xcconfig; name = "Pods-Milacci.debug.xcconfig"; path = "Target Support Files/Pods-Milacci/Pods-Milacci.debug.xcconfig"; sourceTree = "<group>"; };
/* End PBXFileReference section */

/* Begin PBXFrameworksBuildPhase section */
		C0455E562479BF8500D96F53 /* Frameworks */ = {
			isa = PBXFrameworksBuildPhase;
			buildActionMask = 2147483647;
			files = (
				C05B59F624E333BF003009AC /* Pods_Milacci.framework in Frameworks */,
				375B0D582531BCD000C90879 /* CloudKit.framework in Frameworks */,
			);
			runOnlyForDeploymentPostprocessing = 0;
		};
/* End PBXFrameworksBuildPhase section */

/* Begin PBXGroup section */
		2881B083111DC7DEB27A82F7 /* Pods */ = {
			isa = PBXGroup;
			children = (
				D01D35A00D62CD44ECB82C60 /* Pods-Milacci.debug.xcconfig */,
				BF0C5AEAF214F5D05E4F750C /* Pods-Milacci.release.xcconfig */,
			);
			path = Pods;
			sourceTree = "<group>";
		};
		31583BC1B48A5B6D96EA11AA /* Frameworks */ = {
			isa = PBXGroup;
			children = (
				375B0D572531BCD000C90879 /* CloudKit.framework */,
				C05B59F224E33397003009AC /* Pods_Milacci.framework */,
				C0B51A6C24E33B9F00CB934C /* GoogleSignIn.framework */,
				C05B59F024E33386003009AC /* Pods_Milacci.framework */,
				C070BE6E24DB57AC004F09CE /* Pods_Milacci.framework */,
				92ABC71A3510F6D0BFB2913A /* Pods_Milacci.framework */,
			);
			name = Frameworks;
			sourceTree = "<group>";
		};
		37A9037B2533AF27006251EE /* Extensions */ = {
			isa = PBXGroup;
			children = (
				37F70B0A2545B4AC001E9D07 /* ErrorHandling */,
				C01CF703251FE9EF00C8CE06 /* Numeric+CurrencyFormatter.swift */,
				C05535842519567200B04A18 /* Storyboardable.swift */,
				37A9037C2533AF4D006251EE /* Reactive+TableViewRxReachedBottom.swift */,
				37F70B0E2545B7FA001E9D07 /* UIViewController+ChildViewController.swift */,
				37F70B1025474DF9001E9D07 /* UIViewController+FrontmostController.swift */,
			);
			path = Extensions;
			sourceTree = "<group>";
		};
		37A9038D2538F84F006251EE /* FileAction */ = {
			isa = PBXGroup;
			children = (
				37A9038E2538F85C006251EE /* FileAction.swift */,
			);
			path = FileAction;
			sourceTree = "<group>";
		};
		37F70AE225444A47001E9D07 /* Wage */ = {
			isa = PBXGroup;
			children = (
				37F70AE425444AB1001E9D07 /* Coordinator */,
				37F70AE325444AA4001E9D07 /* ViewController */,
			);
			path = Wage;
			sourceTree = "<group>";
		};
		37F70AE325444AA4001E9D07 /* ViewController */ = {
			isa = PBXGroup;
			children = (
				37F70AE725444BB9001E9D07 /* WageViewController.swift */,
			);
			path = ViewController;
			sourceTree = "<group>";
		};
		37F70AE425444AB1001E9D07 /* Coordinator */ = {
			isa = PBXGroup;
			children = (
				37F70AE525444ADC001E9D07 /* WageCoordinator.swift */,
			);
			path = Coordinator;
			sourceTree = "<group>";
		};
		37F70AFD254499CD001E9D07 /* Error */ = {
			isa = PBXGroup;
			children = (
				C00D050D251BEC6D004D42E8 /* NetworkingError.swift */,
				37F70B082545B432001E9D07 /* ErrorCategory.swift */,
			);
			path = Error;
			sourceTree = "<group>";
		};
		37F70B0A2545B4AC001E9D07 /* ErrorHandling */ = {
			isa = PBXGroup;
			children = (
				37F70B002545B277001E9D07 /* UIResponder+ErrorHandler.swift */,
				37F70B022545B349001E9D07 /* UIViewController+ErrorHandler.swift */,
				37F70B042545B3CF001E9D07 /* AppDelegate+ErrorHandler.swift */,
				37F70B062545B40A001E9D07 /* Error+ResolveCategory.swift */,
			);
			path = ErrorHandling;
			sourceTree = "<group>";
		};
		37F70B0B2545B7A2001E9D07 /* TabBar */ = {
			isa = PBXGroup;
			children = (
				C0E1B250248430FE00F68394 /* BaseTabBarController.swift */,
				37F70AE925444D1D001E9D07 /* WorkerTabBarController.swift */,
				37F70AEB254451D0001E9D07 /* TabBarControllerFactory.swift */,
			);
			path = TabBar;
			sourceTree = "<group>";
		};
		37F70BC8254A0E0C001E9D07 /* Resources */ = {
			isa = PBXGroup;
			children = (
				37F70BA72549B38E001E9D07 /* Localizable.strings */,
				37F70BCA254A0F2F001E9D07 /* environment.plist */,
				37118070254A2D60000DFFFA /* Images.xcassets */,
				37118072254A2EF3000DFFFA /* Colors.xcassets */,
			);
			path = Resources;
			sourceTree = "<group>";
		};
		37F70BC9254A0E30001E9D07 /* Generated */ = {
			isa = PBXGroup;
			children = (
				37118076254A2FD2000DFFFA /* Assets.swift */,
				3711806B254A2D18000DFFFA /* Plist.swift */,
				3711806C254A2D18000DFFFA /* Strings.swift */,
			);
			path = Generated;
			sourceTree = "<group>";
		};
		C00D050F251BFE4B004D42E8 /* Cell */ = {
			isa = PBXGroup;
			children = (
				C0ACCB5F247AC283002F7263 /* InvoiceTableViewCell.swift */,
			);
			path = Cell;
			sourceTree = "<group>";
		};
		C040DDE2251953B200822300 /* Coordinator */ = {
			isa = PBXGroup;
			children = (
				C040DDE52519540600822300 /* Coordinator.swift */,
				C0553581251955D100B04A18 /* BaseCoordinator.swift */,
				C0E8E11725195B8900A21F9E /* AppCoordinator.swift */,
			);
			path = Coordinator;
			sourceTree = "<group>";
		};
		C0455E502479BF8500D96F53 = {
			isa = PBXGroup;
			children = (
				C0455E5B2479BF8500D96F53 /* Milacci */,
				C0455E5A2479BF8500D96F53 /* Products */,
				2881B083111DC7DEB27A82F7 /* Pods */,
				31583BC1B48A5B6D96EA11AA /* Frameworks */,
			);
			sourceTree = "<group>";
		};
		C0455E5A2479BF8500D96F53 /* Products */ = {
			isa = PBXGroup;
			children = (
				C0455E592479BF8500D96F53 /* Milacci.app */,
			);
			name = Products;
			sourceTree = "<group>";
		};
		C0455E5B2479BF8500D96F53 /* Milacci */ = {
			isa = PBXGroup;
			children = (
				37F70BC8254A0E0C001E9D07 /* Resources */,
				375B0D562531B22B00C90879 /* MilacciDebug.entitlements */,
				37CA024F25250F8100948444 /* Milacci.entitlements */,
				C0574566251A9B3D00051D12 /* Service */,
				C0E8E11B251A7F9400A21F9E /* Module */,
				C05535832519565B00B04A18 /* Shared */,
				C040DDE2251953B200822300 /* Coordinator */,
				C058336024814763004CA055 /* Controller */,
				C0B93504247D832300A457AD /* View */,
				C0B93503247D831400A457AD /* Model */,
				C0455E5C2479BF8500D96F53 /* AppDelegate.swift */,
				C0455E5E2479BF8500D96F53 /* SceneDelegate.swift */,
				C0455E622479BF8500D96F53 /* Main.storyboard */,
				C0455E672479BF8900D96F53 /* LaunchScreen.storyboard */,
				C0455E6A2479BF8900D96F53 /* Info.plist */,
			);
			path = Milacci;
			sourceTree = "<group>";
		};
		C05535832519565B00B04A18 /* Shared */ = {
			isa = PBXGroup;
			children = (
				37A9037B2533AF27006251EE /* Extensions */,
				37A9037E25362647006251EE /* PaginationNetworkLogic.swift */,
				37093A6F253CE51E00E87BA4 /* UserSettingsService.swift */,
			);
			path = Shared;
			sourceTree = "<group>";
		};
		C0574566251A9B3D00051D12 /* Service */ = {
			isa = PBXGroup;
			children = (
				C0574567251A9B4600051D12 /* Http */,
				C0574570251AA0CF00051D12 /* InvoicesService.swift */,
				C0574572251AA0EC00051D12 /* InvoicesAPI.swift */,
				37F70B202548AF0B001E9D07 /* AuthService.swift */,
			);
			path = Service;
			sourceTree = "<group>";
		};
		C0574567251A9B4600051D12 /* Http */ = {
			isa = PBXGroup;
			children = (
				C0574568251A9B6100051D12 /* HttpRouter.swift */,
				C057456A251A9C1A00051D12 /* HttpService.swift */,
				C057456C251A9CDA00051D12 /* InvoiceHttpService.swift */,
				C057456E251A9D6600051D12 /* InvoicesHttpRouter.swift */,
				C01CF705251FFC9300C8CE06 /* InvoiceDetailHttpRouter.swift */,
				37F70B1E2548A999001E9D07 /* AuthHttpRouter.swift */,
				37F70B222548AFA2001E9D07 /* AuthHttpService.swift */,
			);
			path = Http;
			sourceTree = "<group>";
		};
		C058336024814763004CA055 /* Controller */ = {
			isa = PBXGroup;
			children = (
				37F70B0B2545B7A2001E9D07 /* TabBar */,
				C05833612481477C004CA055 /* BaseNavigationController.swift */,
				37F70B0C2545B7C3001E9D07 /* LoadingViewController.swift */,
				37F70B1225474F49001E9D07 /* ErrorViewController.swift */,
			);
			path = Controller;
			sourceTree = "<group>";
		};
		C0B93503247D831400A457AD /* Model */ = {
			isa = PBXGroup;
			children = (
				37F70BC9254A0E30001E9D07 /* Generated */,
				37F70AFD254499CD001E9D07 /* Error */,
				37093A71253CE9B200E87BA4 /* SignInResponse.swift */,
				37F70AFB254460D1001E9D07 /* HttpErrorResponse.swift */,
			);
			path = Model;
			sourceTree = "<group>";
		};
		C0B93504247D832300A457AD /* View */ = {
			isa = PBXGroup;
			children = (
				C058335E248051E7004CA055 /* HalfCircleView.swift */,
			);
			path = View;
			sourceTree = "<group>";
		};
		C0E342DA251A85DC00860E44 /* Profile */ = {
			isa = PBXGroup;
			children = (
				C0E342DC251A85FE00860E44 /* Coordinator */,
				C0E342DB251A85F000860E44 /* ViewController */,
			);
			path = Profile;
			sourceTree = "<group>";
		};
		C0E342DB251A85F000860E44 /* ViewController */ = {
			isa = PBXGroup;
			children = (
				C0ACCB5D247AAD54002F7263 /* ProfileViewController.swift */,
			);
			path = ViewController;
			sourceTree = "<group>";
		};
		C0E342DC251A85FE00860E44 /* Coordinator */ = {
			isa = PBXGroup;
			children = (
				C0E342DD251A861700860E44 /* ProfileCoordinator.swift */,
			);
			path = Coordinator;
			sourceTree = "<group>";
		};
		C0E342DF251A8B2C00860E44 /* SignIn */ = {
			isa = PBXGroup;
			children = (
				C0E342E1251A8B9600860E44 /* Coordinator */,
				C0E342E0251A8B3600860E44 /* ViewController */,
			);
			path = SignIn;
			sourceTree = "<group>";
		};
		C0E342E0251A8B3600860E44 /* ViewController */ = {
			isa = PBXGroup;
			children = (
				C0455E602479BF8500D96F53 /* SignInViewController.swift */,
			);
			path = ViewController;
			sourceTree = "<group>";
		};
		C0E342E1251A8B9600860E44 /* Coordinator */ = {
			isa = PBXGroup;
			children = (
				C0E8E11925195F0E00A21F9E /* SignInCoordinator.swift */,
			);
			path = Coordinator;
			sourceTree = "<group>";
		};
		C0E8E11B251A7F9400A21F9E /* Module */ = {
			isa = PBXGroup;
			children = (
				37F70AE225444A47001E9D07 /* Wage */,
				C0E342DF251A8B2C00860E44 /* SignIn */,
				C0E342DA251A85DC00860E44 /* Profile */,
				C0E8E11C251A7F9F00A21F9E /* Invoices */,
			);
			path = Module;
			sourceTree = "<group>";
		};
		C0E8E11C251A7F9F00A21F9E /* Invoices */ = {
			isa = PBXGroup;
			children = (
				37A9038D2538F84F006251EE /* FileAction */,
				C0E8E121251A804200A21F9E /* Model */,
				C0E8E120251A7FFD00A21F9E /* View */,
				C0E8E11F251A7FBD00A21F9E /* ViewModel */,
				C0E8E11E251A7FB300A21F9E /* ViewController */,
				C0E8E11D251A7FAC00A21F9E /* Coordinator */,
			);
			path = Invoices;
			sourceTree = "<group>";
		};
		C0E8E11D251A7FAC00A21F9E /* Coordinator */ = {
			isa = PBXGroup;
			children = (
				C040DDE3251953F200822300 /* InvoicesCoordinator.swift */,
				C079A552251D4E4A00331E17 /* InvoiceDetailCoordinator.swift */,
			);
			path = Coordinator;
			sourceTree = "<group>";
		};
		C0E8E11E251A7FB300A21F9E /* ViewController */ = {
			isa = PBXGroup;
			children = (
				C0B9350B247DA59400A457AD /* InvoiceDetailViewController.swift */,
				C054EAFD2479DFA800C11F16 /* InvoicesViewController.swift */,
			);
			path = ViewController;
			sourceTree = "<group>";
		};
		C0E8E11F251A7FBD00A21F9E /* ViewModel */ = {
			isa = PBXGroup;
			children = (
				C0AF73A7250948D000B7CA0F /* InvoicesViewModel.swift */,
				C0BAE0112509605600472B91 /* InvoiceViewModel.swift */,
				C079A550251D36FA00331E17 /* InvoiceDetailViewModel.swift */,
			);
			path = ViewModel;
			sourceTree = "<group>";
		};
		C0E8E120251A7FFD00A21F9E /* View */ = {
			isa = PBXGroup;
			children = (
				C00D050F251BFE4B004D42E8 /* Cell */,
			);
			path = View;
			sourceTree = "<group>";
		};
		C0E8E121251A804200A21F9E /* Model */ = {
			isa = PBXGroup;
			children = (
				37F70AE025439AA2001E9D07 /* InvoicesResponse.swift */,
			);
			path = Model;
			sourceTree = "<group>";
		};
/* End PBXGroup section */

/* Begin PBXNativeTarget section */
		C0455E582479BF8500D96F53 /* Milacci */ = {
			isa = PBXNativeTarget;
			buildConfigurationList = C0455E6D2479BF8900D96F53 /* Build configuration list for PBXNativeTarget "Milacci" */;
			buildPhases = (
				70D78C15A393832527E341C9 /* [CP] Check Pods Manifest.lock */,
				37F70BC72549CFB4001E9D07 /* SwiftGen */,
				C0455E552479BF8500D96F53 /* Sources */,
				C0455E562479BF8500D96F53 /* Frameworks */,
				C0455E572479BF8500D96F53 /* Resources */,
				8360822F8D53CC5EAD3E1E98 /* [CP] Embed Pods Frameworks */,
				C05B59F824E333BF003009AC /* Embed Frameworks */,
				8708CC3633161DACFD80B1AB /* [CP] Copy Pods Resources */,
				37F70B642548F422001E9D07 /* SwiftLint */,
			);
			buildRules = (
			);
			dependencies = (
			);
			name = Milacci;
			productName = Milacci;
			productReference = C0455E592479BF8500D96F53 /* Milacci.app */;
			productType = "com.apple.product-type.application";
		};
/* End PBXNativeTarget section */

/* Begin PBXProject section */
		C0455E512479BF8500D96F53 /* Project object */ = {
			isa = PBXProject;
			attributes = {
				LastSwiftUpdateCheck = 1140;
				LastUpgradeCheck = 1140;
				ORGANIZATIONNAME = "Michal Sousedik";
				TargetAttributes = {
					C0455E582479BF8500D96F53 = {
						CreatedOnToolsVersion = 11.4.1;
					};
				};
			};
			buildConfigurationList = C0455E542479BF8500D96F53 /* Build configuration list for PBXProject "Milacci" */;
			compatibilityVersion = "Xcode 9.3";
			developmentRegion = en;
			hasScannedForEncodings = 0;
			knownRegions = (
				en,
				Base,
				cs,
			);
			mainGroup = C0455E502479BF8500D96F53;
			productRefGroup = C0455E5A2479BF8500D96F53 /* Products */;
			projectDirPath = "";
			projectRoot = "";
			targets = (
				C0455E582479BF8500D96F53 /* Milacci */,
			);
		};
/* End PBXProject section */

/* Begin PBXResourcesBuildPhase section */
		C0455E572479BF8500D96F53 /* Resources */ = {
			isa = PBXResourcesBuildPhase;
			buildActionMask = 2147483647;
			files = (
				C0455E692479BF8900D96F53 /* LaunchScreen.storyboard in Resources */,
				37F70BA52549B38E001E9D07 /* Localizable.strings in Resources */,
				37118071254A2D60000DFFFA /* Images.xcassets in Resources */,
				C0455E642479BF8500D96F53 /* Main.storyboard in Resources */,
				37F70BCB254A0F2F001E9D07 /* environment.plist in Resources */,
				37118073254A2EF3000DFFFA /* Colors.xcassets in Resources */,
			);
			runOnlyForDeploymentPostprocessing = 0;
		};
/* End PBXResourcesBuildPhase section */

/* Begin PBXShellScriptBuildPhase section */
		37F70B642548F422001E9D07 /* SwiftLint */ = {
			isa = PBXShellScriptBuildPhase;
			buildActionMask = 2147483647;
			files = (
			);
			inputFileListPaths = (
			);
			inputPaths = (
			);
			name = SwiftLint;
			outputFileListPaths = (
			);
			outputPaths = (
			);
			runOnlyForDeploymentPostprocessing = 0;
			shellPath = /bin/sh;
			shellScript = "\"${PODS_ROOT}/SwiftLint/swiftlint\" autocorrect\n\"${PODS_ROOT}/SwiftLint/swiftlint\"\n";
		};
		37F70BC72549CFB4001E9D07 /* SwiftGen */ = {
			isa = PBXShellScriptBuildPhase;
			buildActionMask = 2147483647;
			files = (
			);
			inputFileListPaths = (
			);
			inputPaths = (
			);
			name = SwiftGen;
			outputFileListPaths = (
			);
			outputPaths = (
			);
			runOnlyForDeploymentPostprocessing = 0;
			shellPath = /bin/sh;
			shellScript = "#!/bin/sh\nif [[ -f \"${PODS_ROOT}/SwiftGen/bin/swiftgen\" ]]; then\n  \"${PODS_ROOT}/SwiftGen/bin/swiftgen\" config run\nelse\n  echo \"warning: SwiftGen is not installed. Run 'pod install --repo-update' to install it.\"\nfi\n\n#export PATH=\"${PODS_ROOT}/SwiftGen/bin:$PATH\"\n#\n#LOC_SRC_FILE=\"${PROJECT_DIR}/${TARGET_NAME}/Resources/en.lproj/Localizable.strings\"\n#LOC_DST_FILE=\"${PROJECT_DIR}/${TARGET_NAME}/Model/Generated/LocalizedStrings.swift\"\n#\n#SHARED_IMG_SRC_FILE=\"${PROJECT_DIR}/${TARGET_NAME}/Assets.xcassets\"\n#ASSETS_DST_FILE=\"${PROJECT_DIR}/${TARGET_NAME}/Model/Generated/Assets.swift\"\n#\n#PLIST_SRC_FILE=\"${PROJECT_DIR}/${TARGET_NAME}/Resources/environment.plist\"\n#PLIST_DST_FILE=\"${PROJECT_DIR}/${TARGET_NAME}/Model/Generated/Environment.swift\"\n#\n#echo \"[SwiftGen] Generating strings\"\n#swiftgen strings -t structured-swift5 \"$LOC_SRC_FILE\" -o \"${LOC_DST_FILE}\"\n#echo \"[SwiftGen] Generating assets\"\n#swiftgen xcassets -t swift5 \"$SHARED_IMG_SRC_FILE\" -o \"${ASSETS_DST_FILE}\"\n#echo \"[SwiftGen] Generating environment plist\"\n#swiftgen plist -t runtime-swift5 \"$PLIST_SRC_FILE\" -o \"${PLIST_DST_FILE}\" --param enumName=\"Environment\"\n";
		};
		70D78C15A393832527E341C9 /* [CP] Check Pods Manifest.lock */ = {
			isa = PBXShellScriptBuildPhase;
			buildActionMask = 2147483647;
			files = (
			);
			inputFileListPaths = (
			);
			inputPaths = (
				"${PODS_PODFILE_DIR_PATH}/Podfile.lock",
				"${PODS_ROOT}/Manifest.lock",
			);
			name = "[CP] Check Pods Manifest.lock";
			outputFileListPaths = (
			);
			outputPaths = (
				"$(DERIVED_FILE_DIR)/Pods-Milacci-checkManifestLockResult.txt",
			);
			runOnlyForDeploymentPostprocessing = 0;
			shellPath = /bin/sh;
			shellScript = "diff \"${PODS_PODFILE_DIR_PATH}/Podfile.lock\" \"${PODS_ROOT}/Manifest.lock\" > /dev/null\nif [ $? != 0 ] ; then\n    # print error to STDERR\n    echo \"error: The sandbox is not in sync with the Podfile.lock. Run 'pod install' or update your CocoaPods installation.\" >&2\n    exit 1\nfi\n# This output is used by Xcode 'outputs' to avoid re-running this script phase.\necho \"SUCCESS\" > \"${SCRIPT_OUTPUT_FILE_0}\"\n";
			showEnvVarsInLog = 0;
		};
		8360822F8D53CC5EAD3E1E98 /* [CP] Embed Pods Frameworks */ = {
			isa = PBXShellScriptBuildPhase;
			buildActionMask = 2147483647;
			files = (
			);
			inputFileListPaths = (
				"${PODS_ROOT}/Target Support Files/Pods-Milacci/Pods-Milacci-frameworks-${CONFIGURATION}-input-files.xcfilelist",
			);
			name = "[CP] Embed Pods Frameworks";
			outputFileListPaths = (
				"${PODS_ROOT}/Target Support Files/Pods-Milacci/Pods-Milacci-frameworks-${CONFIGURATION}-output-files.xcfilelist",
			);
			runOnlyForDeploymentPostprocessing = 0;
			shellPath = /bin/sh;
			shellScript = "\"${PODS_ROOT}/Target Support Files/Pods-Milacci/Pods-Milacci-frameworks.sh\"\n";
			showEnvVarsInLog = 0;
		};
		8708CC3633161DACFD80B1AB /* [CP] Copy Pods Resources */ = {
			isa = PBXShellScriptBuildPhase;
			buildActionMask = 2147483647;
			files = (
			);
			inputFileListPaths = (
				"${PODS_ROOT}/Target Support Files/Pods-Milacci/Pods-Milacci-resources-${CONFIGURATION}-input-files.xcfilelist",
			);
			name = "[CP] Copy Pods Resources";
			outputFileListPaths = (
				"${PODS_ROOT}/Target Support Files/Pods-Milacci/Pods-Milacci-resources-${CONFIGURATION}-output-files.xcfilelist",
			);
			runOnlyForDeploymentPostprocessing = 0;
			shellPath = /bin/sh;
			shellScript = "\"${PODS_ROOT}/Target Support Files/Pods-Milacci/Pods-Milacci-resources.sh\"\n";
			showEnvVarsInLog = 0;
		};
/* End PBXShellScriptBuildPhase section */

/* Begin PBXSourcesBuildPhase section */
		C0455E552479BF8500D96F53 /* Sources */ = {
			isa = PBXSourcesBuildPhase;
			buildActionMask = 2147483647;
			files = (
				C0574573251AA0EC00051D12 /* InvoicesAPI.swift in Sources */,
				37F70B1125474DFA001E9D07 /* UIViewController+FrontmostController.swift in Sources */,
				C0E8E11825195B8900A21F9E /* AppCoordinator.swift in Sources */,
				37F70B232548AFA2001E9D07 /* AuthHttpService.swift in Sources */,
				C057456B251A9C1A00051D12 /* HttpService.swift in Sources */,
				C079A551251D36FA00331E17 /* InvoiceDetailViewModel.swift in Sources */,
				37F70AEC254451D0001E9D07 /* TabBarControllerFactory.swift in Sources */,
				C0ACCB5E247AAD54002F7263 /* ProfileViewController.swift in Sources */,
				37F70AEA25444D1D001E9D07 /* WorkerTabBarController.swift in Sources */,
				37F70B0D2545B7C3001E9D07 /* LoadingViewController.swift in Sources */,
				C0574569251A9B6100051D12 /* HttpRouter.swift in Sources */,
				C0455E612479BF8500D96F53 /* SignInViewController.swift in Sources */,
				37F70B032545B349001E9D07 /* UIViewController+ErrorHandler.swift in Sources */,
				C0455E5D2479BF8500D96F53 /* AppDelegate.swift in Sources */,
				C0BAE0122509605600472B91 /* InvoiceViewModel.swift in Sources */,
				3711806E254A2D18000DFFFA /* Plist.swift in Sources */,
				37F70AE825444BB9001E9D07 /* WageViewController.swift in Sources */,
				C0E8E11A25195F0E00A21F9E /* SignInCoordinator.swift in Sources */,
				37F70B1F2548A99A001E9D07 /* AuthHttpRouter.swift in Sources */,
				37F70B052545B3CF001E9D07 /* AppDelegate+ErrorHandler.swift in Sources */,
				37F70AFC254460D1001E9D07 /* HttpErrorResponse.swift in Sources */,
				C054EAFE2479DFA800C11F16 /* InvoicesViewController.swift in Sources */,
				37093A70253CE51E00E87BA4 /* UserSettingsService.swift in Sources */,
				C079A553251D4E4A00331E17 /* InvoiceDetailCoordinator.swift in Sources */,
				C040DDE62519540600822300 /* Coordinator.swift in Sources */,
				C058335F248051E7004CA055 /* HalfCircleView.swift in Sources */,
				37F70B212548AF0B001E9D07 /* AuthService.swift in Sources */,
				C040DDE4251953F200822300 /* InvoicesCoordinator.swift in Sources */,
				37A9037F25362647006251EE /* PaginationNetworkLogic.swift in Sources */,
				37093A72253CE9B200E87BA4 /* SignInResponse.swift in Sources */,
				37F70AE625444ADC001E9D07 /* WageCoordinator.swift in Sources */,
				C0574571251AA0CF00051D12 /* InvoicesService.swift in Sources */,
				37F70B072545B40B001E9D07 /* Error+ResolveCategory.swift in Sources */,
				3711806F254A2D18000DFFFA /* Strings.swift in Sources */,
				C0B9350C247DA59400A457AD /* InvoiceDetailViewController.swift in Sources */,
				C0E1B251248430FE00F68394 /* BaseTabBarController.swift in Sources */,
				C0E342DE251A861700860E44 /* ProfileCoordinator.swift in Sources */,
				37F70B092545B432001E9D07 /* ErrorCategory.swift in Sources */,
				37A9038F2538F85C006251EE /* FileAction.swift in Sources */,
				C0AF73A8250948D000B7CA0F /* InvoicesViewModel.swift in Sources */,
				C0553582251955D100B04A18 /* BaseCoordinator.swift in Sources */,
				37F70B1325474F49001E9D07 /* ErrorViewController.swift in Sources */,
				C05535852519567200B04A18 /* Storyboardable.swift in Sources */,
				C0455E5F2479BF8500D96F53 /* SceneDelegate.swift in Sources */,
				37F70B0F2545B7FA001E9D07 /* UIViewController+ChildViewController.swift in Sources */,
				C00D050E251BEC6D004D42E8 /* NetworkingError.swift in Sources */,
				C01CF706251FFC9300C8CE06 /* InvoiceDetailHttpRouter.swift in Sources */,
				37A9037D2533AF4D006251EE /* Reactive+TableViewRxReachedBottom.swift in Sources */,
				C057456F251A9D6600051D12 /* InvoicesHttpRouter.swift in Sources */,
				37F70B012545B277001E9D07 /* UIResponder+ErrorHandler.swift in Sources */,
				37118077254A2FD2000DFFFA /* Assets.swift in Sources */,
				C0ACCB60247AC283002F7263 /* InvoiceTableViewCell.swift in Sources */,
				C01CF704251FE9EF00C8CE06 /* Numeric+CurrencyFormatter.swift in Sources */,
				C057456D251A9CDA00051D12 /* InvoiceHttpService.swift in Sources */,
				37F70AE125439AA2001E9D07 /* InvoicesResponse.swift in Sources */,
				C05833622481477C004CA055 /* BaseNavigationController.swift in Sources */,
			);
			runOnlyForDeploymentPostprocessing = 0;
		};
/* End PBXSourcesBuildPhase section */

/* Begin PBXVariantGroup section */
		37F70BA72549B38E001E9D07 /* Localizable.strings */ = {
			isa = PBXVariantGroup;
			children = (
				37F70BA62549B38E001E9D07 /* cs */,
				37F70BA82549B398001E9D07 /* en */,
			);
			name = Localizable.strings;
			sourceTree = "<group>";
		};
		C0455E622479BF8500D96F53 /* Main.storyboard */ = {
			isa = PBXVariantGroup;
			children = (
				37F70B8E254992C0001E9D07 /* Base */,
				37F70B90254994C2001E9D07 /* cs */,
			);
			name = Main.storyboard;
			sourceTree = "<group>";
		};
		C0455E672479BF8900D96F53 /* LaunchScreen.storyboard */ = {
			isa = PBXVariantGroup;
			children = (
				37F70B8F254992C1001E9D07 /* Base */,
				37F70B91254994C3001E9D07 /* cs */,
			);
			name = LaunchScreen.storyboard;
			sourceTree = "<group>";
		};
/* End PBXVariantGroup section */

/* Begin XCBuildConfiguration section */
		C0455E6B2479BF8900D96F53 /* Debug */ = {
			isa = XCBuildConfiguration;
			buildSettings = {
				ALWAYS_SEARCH_USER_PATHS = NO;
				CLANG_ANALYZER_LOCALIZABILITY_NONLOCALIZED = YES;
				CLANG_ANALYZER_NONNULL = YES;
				CLANG_ANALYZER_NUMBER_OBJECT_CONVERSION = YES_AGGRESSIVE;
				CLANG_CXX_LANGUAGE_STANDARD = "gnu++14";
				CLANG_CXX_LIBRARY = "libc++";
				CLANG_ENABLE_MODULES = YES;
				CLANG_ENABLE_OBJC_ARC = YES;
				CLANG_ENABLE_OBJC_WEAK = YES;
				CLANG_WARN_BLOCK_CAPTURE_AUTORELEASING = YES;
				CLANG_WARN_BOOL_CONVERSION = YES;
				CLANG_WARN_COMMA = YES;
				CLANG_WARN_CONSTANT_CONVERSION = YES;
				CLANG_WARN_DEPRECATED_OBJC_IMPLEMENTATIONS = YES;
				CLANG_WARN_DIRECT_OBJC_ISA_USAGE = YES_ERROR;
				CLANG_WARN_DOCUMENTATION_COMMENTS = YES;
				CLANG_WARN_EMPTY_BODY = YES;
				CLANG_WARN_ENUM_CONVERSION = YES;
				CLANG_WARN_INFINITE_RECURSION = YES;
				CLANG_WARN_INT_CONVERSION = YES;
				CLANG_WARN_NON_LITERAL_NULL_CONVERSION = YES;
				CLANG_WARN_OBJC_IMPLICIT_RETAIN_SELF = YES;
				CLANG_WARN_OBJC_LITERAL_CONVERSION = YES;
				CLANG_WARN_OBJC_ROOT_CLASS = YES_ERROR;
				CLANG_WARN_RANGE_LOOP_ANALYSIS = YES;
				CLANG_WARN_STRICT_PROTOTYPES = YES;
				CLANG_WARN_SUSPICIOUS_MOVE = YES;
				CLANG_WARN_UNGUARDED_AVAILABILITY = YES_AGGRESSIVE;
				CLANG_WARN_UNREACHABLE_CODE = YES;
				CLANG_WARN__DUPLICATE_METHOD_MATCH = YES;
				COPY_PHASE_STRIP = NO;
				DEBUG_INFORMATION_FORMAT = dwarf;
				ENABLE_STRICT_OBJC_MSGSEND = YES;
				ENABLE_TESTABILITY = YES;
				GCC_C_LANGUAGE_STANDARD = gnu11;
				GCC_DYNAMIC_NO_PIC = NO;
				GCC_NO_COMMON_BLOCKS = YES;
				GCC_OPTIMIZATION_LEVEL = 0;
				GCC_PREPROCESSOR_DEFINITIONS = (
					"DEBUG=1",
					"$(inherited)",
				);
				GCC_WARN_64_TO_32_BIT_CONVERSION = YES;
				GCC_WARN_ABOUT_RETURN_TYPE = YES_ERROR;
				GCC_WARN_UNDECLARED_SELECTOR = YES;
				GCC_WARN_UNINITIALIZED_AUTOS = YES_AGGRESSIVE;
				GCC_WARN_UNUSED_FUNCTION = YES;
				GCC_WARN_UNUSED_VARIABLE = YES;
				IPHONEOS_DEPLOYMENT_TARGET = 13.0;
				LOCALIZED_STRING_SWIFTUI_SUPPORT = NO;
				MTL_ENABLE_DEBUG_INFO = INCLUDE_SOURCE;
				MTL_FAST_MATH = YES;
				ONLY_ACTIVE_ARCH = YES;
				SDKROOT = iphoneos;
				SWIFT_ACTIVE_COMPILATION_CONDITIONS = DEBUG;
				SWIFT_OPTIMIZATION_LEVEL = "-Onone";
			};
			name = Debug;
		};
		C0455E6C2479BF8900D96F53 /* Release */ = {
			isa = XCBuildConfiguration;
			buildSettings = {
				ALWAYS_SEARCH_USER_PATHS = NO;
				CLANG_ANALYZER_LOCALIZABILITY_NONLOCALIZED = YES;
				CLANG_ANALYZER_NONNULL = YES;
				CLANG_ANALYZER_NUMBER_OBJECT_CONVERSION = YES_AGGRESSIVE;
				CLANG_CXX_LANGUAGE_STANDARD = "gnu++14";
				CLANG_CXX_LIBRARY = "libc++";
				CLANG_ENABLE_MODULES = YES;
				CLANG_ENABLE_OBJC_ARC = YES;
				CLANG_ENABLE_OBJC_WEAK = YES;
				CLANG_WARN_BLOCK_CAPTURE_AUTORELEASING = YES;
				CLANG_WARN_BOOL_CONVERSION = YES;
				CLANG_WARN_COMMA = YES;
				CLANG_WARN_CONSTANT_CONVERSION = YES;
				CLANG_WARN_DEPRECATED_OBJC_IMPLEMENTATIONS = YES;
				CLANG_WARN_DIRECT_OBJC_ISA_USAGE = YES_ERROR;
				CLANG_WARN_DOCUMENTATION_COMMENTS = YES;
				CLANG_WARN_EMPTY_BODY = YES;
				CLANG_WARN_ENUM_CONVERSION = YES;
				CLANG_WARN_INFINITE_RECURSION = YES;
				CLANG_WARN_INT_CONVERSION = YES;
				CLANG_WARN_NON_LITERAL_NULL_CONVERSION = YES;
				CLANG_WARN_OBJC_IMPLICIT_RETAIN_SELF = YES;
				CLANG_WARN_OBJC_LITERAL_CONVERSION = YES;
				CLANG_WARN_OBJC_ROOT_CLASS = YES_ERROR;
				CLANG_WARN_RANGE_LOOP_ANALYSIS = YES;
				CLANG_WARN_STRICT_PROTOTYPES = YES;
				CLANG_WARN_SUSPICIOUS_MOVE = YES;
				CLANG_WARN_UNGUARDED_AVAILABILITY = YES_AGGRESSIVE;
				CLANG_WARN_UNREACHABLE_CODE = YES;
				CLANG_WARN__DUPLICATE_METHOD_MATCH = YES;
				COPY_PHASE_STRIP = NO;
				DEBUG_INFORMATION_FORMAT = "dwarf-with-dsym";
				ENABLE_NS_ASSERTIONS = NO;
				ENABLE_STRICT_OBJC_MSGSEND = YES;
				GCC_C_LANGUAGE_STANDARD = gnu11;
				GCC_NO_COMMON_BLOCKS = YES;
				GCC_WARN_64_TO_32_BIT_CONVERSION = YES;
				GCC_WARN_ABOUT_RETURN_TYPE = YES_ERROR;
				GCC_WARN_UNDECLARED_SELECTOR = YES;
				GCC_WARN_UNINITIALIZED_AUTOS = YES_AGGRESSIVE;
				GCC_WARN_UNUSED_FUNCTION = YES;
				GCC_WARN_UNUSED_VARIABLE = YES;
				IPHONEOS_DEPLOYMENT_TARGET = 13.0;
				LOCALIZED_STRING_SWIFTUI_SUPPORT = NO;
				MTL_ENABLE_DEBUG_INFO = NO;
				MTL_FAST_MATH = YES;
				SDKROOT = iphoneos;
				SWIFT_COMPILATION_MODE = wholemodule;
				SWIFT_OPTIMIZATION_LEVEL = "-O";
				VALIDATE_PRODUCT = YES;
			};
			name = Release;
		};
		C0455E6E2479BF8900D96F53 /* Debug */ = {
			isa = XCBuildConfiguration;
			baseConfigurationReference = D01D35A00D62CD44ECB82C60 /* Pods-Milacci.debug.xcconfig */;
			buildSettings = {
				ASSETCATALOG_COMPILER_APPICON_NAME = AppIcon;
				CODE_SIGN_ENTITLEMENTS = Milacci/MilacciDebug.entitlements;
				CODE_SIGN_IDENTITY = "Apple Development";
				CODE_SIGN_STYLE = Automatic;
				DEVELOPMENT_TEAM = FRYD8HMFR6;
				FRAMEWORK_SEARCH_PATHS = (
					"$(inherited)",
					"$(PROJECT_DIR)/Pods/GoogleSignIn/Frameworks",
				);
				INFOPLIST_FILE = Milacci/Info.plist;
				IPHONEOS_DEPLOYMENT_TARGET = 13.0;
				LD_RUNPATH_SEARCH_PATHS = (
					"$(inherited)",
					"@executable_path/Frameworks",
				);
				PRODUCT_BUNDLE_IDENTIFIER = com.cvut.fit.Milacci;
				PRODUCT_NAME = "$(TARGET_NAME)";
				PROVISIONING_PROFILE_SPECIFIER = "";
				SWIFT_VERSION = 5.0;
				TARGETED_DEVICE_FAMILY = 1;
			};
			name = Debug;
		};
		C0455E6F2479BF8900D96F53 /* Release */ = {
			isa = XCBuildConfiguration;
			baseConfigurationReference = BF0C5AEAF214F5D05E4F750C /* Pods-Milacci.release.xcconfig */;
			buildSettings = {
				ASSETCATALOG_COMPILER_APPICON_NAME = AppIcon;
				CODE_SIGN_ENTITLEMENTS = Milacci/Milacci.entitlements;
				CODE_SIGN_IDENTITY = "Apple Development";
				CODE_SIGN_STYLE = Automatic;
				DEVELOPMENT_TEAM = FRYD8HMFR6;
				FRAMEWORK_SEARCH_PATHS = (
					"$(inherited)",
					"$(PROJECT_DIR)/Pods/GoogleSignIn/Frameworks",
				);
				INFOPLIST_FILE = Milacci/Info.plist;
				IPHONEOS_DEPLOYMENT_TARGET = 13.0;
				LD_RUNPATH_SEARCH_PATHS = (
					"$(inherited)",
					"@executable_path/Frameworks",
				);
				PRODUCT_BUNDLE_IDENTIFIER = com.cvut.fit.Milacci;
				PRODUCT_NAME = "$(TARGET_NAME)";
				PROVISIONING_PROFILE_SPECIFIER = "";
				SWIFT_VERSION = 5.0;
				TARGETED_DEVICE_FAMILY = 1;
			};
			name = Release;
		};
/* End XCBuildConfiguration section */

/* Begin XCConfigurationList section */
		C0455E542479BF8500D96F53 /* Build configuration list for PBXProject "Milacci" */ = {
			isa = XCConfigurationList;
			buildConfigurations = (
				C0455E6B2479BF8900D96F53 /* Debug */,
				C0455E6C2479BF8900D96F53 /* Release */,
			);
			defaultConfigurationIsVisible = 0;
			defaultConfigurationName = Release;
		};
		C0455E6D2479BF8900D96F53 /* Build configuration list for PBXNativeTarget "Milacci" */ = {
			isa = XCConfigurationList;
			buildConfigurations = (
				C0455E6E2479BF8900D96F53 /* Debug */,
				C0455E6F2479BF8900D96F53 /* Release */,
			);
			defaultConfigurationIsVisible = 0;
			defaultConfigurationName = Release;
		};
/* End XCConfigurationList section */
	};
	rootObject = C0455E512479BF8500D96F53 /* Project object */;
}
